
Microsoft Visual Studio Solution File, Format Version 12.00
Project("{FAE04EC0-301F-11D3-BF4B-00C04F79EFBC}") = "Day01.Trebuchet", "Day01.Trebuchet\Day01.Trebuchet\Day01.Trebuchet.csproj", "{D37C5E86-C962-4B8A-872F-7764C54EAA9A}"
EndProject
Project("{FAE04EC0-301F-11D3-BF4B-00C04F79EFBC}") = "Day01.Trebuchet.Tests", "Day01.Trebuchet\Day01.Trebuchet.Tests\Day01.Trebuchet.Tests.csproj", "{73EAE810-3308-4EA6-A17C-30709D752F50}"
EndProject
Project("{FAE04EC0-301F-11D3-BF4B-00C04F79EFBC}") = "Day02.CubeConundrum", "Day02.CubeConundrum\Day02.CubeConundrum\Day02.CubeConundrum.csproj", "{39A4F266-2B7D-49DD-9BB3-E1BC562BFAEB}"
EndProject
Project("{FAE04EC0-301F-11D3-BF4B-00C04F79EFBC}") = "Day02.CubeConundrum.Tests", "Day02.CubeConundrum\Day02.CubeConundrum.Tests\Day02.CubeConundrum.Tests.csproj", "{B78FE676-E196-4953-A245-31521675F29A}"
EndProject
Project("{FAE04EC0-301F-11D3-BF4B-00C04F79EFBC}") = "Common", "Common\Common\Common.csproj", "{2236A812-ECBC-4714-9881-87DBCB0C1F1B}"
EndProject
Project("{FAE04EC0-301F-11D3-BF4B-00C04F79EFBC}") = "Day03.GearRatios", "Day03.GearRatios\Day03.GearRatios\Day03.GearRatios.csproj", "{4C3071EA-3632-46FC-B23C-277F3CD37F03}"
EndProject
Global
	GlobalSection(SolutionConfigurationPlatforms) = preSolution
		Debug|Any CPU = Debug|Any CPU
		Release|Any CPU = Release|Any CPU
	EndGlobalSection
	GlobalSection(ProjectConfigurationPlatforms) = postSolution
		{D37C5E86-C962-4B8A-872F-7764C54EAA9A}.Debug|Any CPU.ActiveCfg = Debug|Any CPU
		{D37C5E86-C962-4B8A-872F-7764C54EAA9A}.Debug|Any CPU.Build.0 = Debug|Any CPU
		{D37C5E86-C962-4B8A-872F-7764C54EAA9A}.Release|Any CPU.ActiveCfg = Release|Any CPU
		{D37C5E86-C962-4B8A-872F-7764C54EAA9A}.Release|Any CPU.Build.0 = Release|Any CPU
		{73EAE810-3308-4EA6-A17C-30709D752F50}.Debug|Any CPU.ActiveCfg = Debug|Any CPU
		{73EAE810-3308-4EA6-A17C-30709D752F50}.Debug|Any CPU.Build.0 = Debug|Any CPU
		{73EAE810-3308-4EA6-A17C-30709D752F50}.Release|Any CPU.ActiveCfg = Release|Any CPU
		{73EAE810-3308-4EA6-A17C-30709D752F50}.Release|Any CPU.Build.0 = Release|Any CPU
		{39A4F266-2B7D-49DD-9BB3-E1BC562BFAEB}.Debug|Any CPU.ActiveCfg = Debug|Any CPU
		{39A4F266-2B7D-49DD-9BB3-E1BC562BFAEB}.Debug|Any CPU.Build.0 = Debug|Any CPU
		{39A4F266-2B7D-49DD-9BB3-E1BC562BFAEB}.Release|Any CPU.ActiveCfg = Release|Any CPU
		{39A4F266-2B7D-49DD-9BB3-E1BC562BFAEB}.Release|Any CPU.Build.0 = Release|Any CPU
		{B78FE676-E196-4953-A245-31521675F29A}.Debug|Any CPU.ActiveCfg = Debug|Any CPU
		{B78FE676-E196-4953-A245-31521675F29A}.Debug|Any CPU.Build.0 = Debug|Any CPU
		{B78FE676-E196-4953-A245-31521675F29A}.Release|Any CPU.ActiveCfg = Release|Any CPU
		{B78FE676-E196-4953-A245-31521675F29A}.Release|Any CPU.Build.0 = Release|Any CPU
		{2236A812-ECBC-4714-9881-87DBCB0C1F1B}.Debug|Any CPU.ActiveCfg = Debug|Any CPU
		{2236A812-ECBC-4714-9881-87DBCB0C1F1B}.Debug|Any CPU.Build.0 = Debug|Any CPU
		{2236A812-ECBC-4714-9881-87DBCB0C1F1B}.Release|Any CPU.ActiveCfg = Release|Any CPU
		{2236A812-ECBC-4714-9881-87DBCB0C1F1B}.Release|Any CPU.Build.0 = Release|Any CPU
		{4C3071EA-3632-46FC-B23C-277F3CD37F03}.Debug|Any CPU.ActiveCfg = Debug|Any CPU
		{4C3071EA-3632-46FC-B23C-277F3CD37F03}.Debug|Any CPU.Build.0 = Debug|Any CPU
		{4C3071EA-3632-46FC-B23C-277F3CD37F03}.Release|Any CPU.ActiveCfg = Release|Any CPU
		{4C3071EA-3632-46FC-B23C-277F3CD37F03}.Release|Any CPU.Build.0 = Release|Any CPU
	EndGlobalSection
EndGlobal
