
Microsoft Visual Studio Solution File, Format Version 12.00
Project("{FAE04EC0-301F-11D3-BF4B-00C04F79EFBC}") = "Day01.Trebuchet", "Day01.Trebuchet\Day01.Trebuchet\Day01.Trebuchet.csproj", "{D37C5E86-C962-4B8A-872F-7764C54EAA9A}"
EndProject
Project("{FAE04EC0-301F-11D3-BF4B-00C04F79EFBC}") = "Day01.Trebuchet.Tests", "Day01.Trebuchet\Day01.Trebuchet.Tests\Day01.Trebuchet.Tests.csproj", "{73EAE810-3308-4EA6-A17C-30709D752F50}"
EndProject
Project("{FAE04EC0-301F-11D3-BF4B-00C04F79EFBC}") = "Day02.CubeConundrum", "Day02.CubeConundrum\Day02.CubeConundrum\Day02.CubeConundrum.csproj", "{39A4F266-2B7D-49DD-9BB3-E1BC562BFAEB}"
EndProject
Project("{FAE04EC0-301F-11D3-BF4B-00C04F79EFBC}") = "Day02.CubeConundrum.Tests", "Day02.CubeConundrum\Day02.CubeConundrum.Tests\Day02.CubeConundrum.Tests.csproj", "{B78FE676-E196-4953-A245-31521675F29A}"
EndProject
Project("{FAE04EC0-301F-11D3-BF4B-00C04F79EFBC}") = "Common", "Common\Common\Common.csproj", "{2236A812-ECBC-4714-9881-87DBCB0C1F1B}"
EndProject
Project("{FAE04EC0-301F-11D3-BF4B-00C04F79EFBC}") = "Day03.GearRatios", "Day03.GearRatios\Day03.GearRatios\Day03.GearRatios.csproj", "{4C3071EA-3632-46FC-B23C-277F3CD37F03}"
EndProject
Project("{FAE04EC0-301F-11D3-BF4B-00C04F79EFBC}") = "Day03.GearRatios.Tests", "Day03.GearRatios\Day03.GearRatios.Tests\Day03.GearRatios.Tests.csproj", "{BEAEEBEB-7A0E-4CD2-83C9-A4888B2E84B4}"
EndProject
Project("{FAE04EC0-301F-11D3-BF4B-00C04F79EFBC}") = "Day04.Scratchcards", "Day04.Scratchcards\Day04.Scratchcards\Day04.Scratchcards.csproj", "{73173701-FC54-465F-879F-0883F7749C01}"
EndProject
Project("{FAE04EC0-301F-11D3-BF4B-00C04F79EFBC}") = "Day04.Scratchcards.Tests", "Day04.Scratchcards\Day04.Scratchcards.Tests\Day04.Scratchcards.Tests.csproj", "{4E4A8860-2F2B-4ADB-9E11-349B5E554487}"
EndProject
Project("{FAE04EC0-301F-11D3-BF4B-00C04F79EFBC}") = "Day06.WaitForIt", "Day06.WaitForIt\Day06.WaitForIt\Day06.WaitForIt.csproj", "{AF376469-546D-49EF-9DE8-8E798F6130E8}"
EndProject
Project("{FAE04EC0-301F-11D3-BF4B-00C04F79EFBC}") = "Day06.WaitForIt.Tests", "Day06.WaitForIt\Day06.WaitForIt.Tests\Day06.WaitForIt.Tests.csproj", "{7B2EAFE2-BF1B-4488-9616-CBAD4656D906}"
EndProject
Project("{FAE04EC0-301F-11D3-BF4B-00C04F79EFBC}") = "Day05.IfYouGiveASeedAFertilizer", "Day05.IfYouGiveASeedAFertilizer\Day05.IfYouGiveASeedAFertilizer\Day05.IfYouGiveASeedAFertilizer.csproj", "{58DDC03D-BB08-45EC-B016-D73AF0D3A4D7}"
EndProject
Project("{FAE04EC0-301F-11D3-BF4B-00C04F79EFBC}") = "Day05.IfYouGiveASeedAFertilizer.Tests", "Day05.IfYouGiveASeedAFertilizer\Day05.IfYouGiveASeedAFertilizer.Tests\Day05.IfYouGiveASeedAFertilizer.Tests.csproj", "{BF88A04F-83C7-4F63-B508-24F761D5CC25}"
EndProject
Project("{FAE04EC0-301F-11D3-BF4B-00C04F79EFBC}") = "Day07.CamelCards", "Day07.CamelCards\Day07.CamelCards\Day07.CamelCards.csproj", "{DFBABEBB-EDCC-45F7-992C-6A94D40979AC}"
EndProject
Project("{FAE04EC0-301F-11D3-BF4B-00C04F79EFBC}") = "Day07.CamelCards.Tests", "Day07.CamelCards\Day07.CamelCards.Tests\Day07.CamelCards.Tests.csproj", "{90DC3646-5994-4F2A-BB60-EDF312D0AD33}"
EndProject
Project("{FAE04EC0-301F-11D3-BF4B-00C04F79EFBC}") = "Day08.HauntedWasteland", "Day08.HauntedWasteland\Day08.HauntedWasteland\Day08.HauntedWasteland.csproj", "{29DF7AB2-52D7-4820-BB33-6A238B4B1033}"
EndProject
Project("{FAE04EC0-301F-11D3-BF4B-00C04F79EFBC}") = "Day08.HauntedWasteland.Tests", "Day08.HauntedWasteland\Day08.HauntedWasteland.Tests\Day08.HauntedWasteland.Tests.csproj", "{1D34A0D7-2521-42B6-AAA4-8167C2180D9E}"
EndProject
Project("{FAE04EC0-301F-11D3-BF4B-00C04F79EFBC}") = "Day09.MirageMaintenance", "Day09.MirageMaintenance\Day09.MirageMaintenance\Day09.MirageMaintenance.csproj", "{18839AC2-7774-45B5-A17B-B7A52BF0642C}"
EndProject
Project("{FAE04EC0-301F-11D3-BF4B-00C04F79EFBC}") = "Day09.MirageMaintenance.Tests", "Day09.MirageMaintenance\Day09.MirageMaintenance.Tests\Day09.MirageMaintenance.Tests.csproj", "{543D1BF6-914A-46F3-B7D2-5F0941B76B9D}"
EndProject
Project("{FAE04EC0-301F-11D3-BF4B-00C04F79EFBC}") = "Day10.PipeMaze", "Day10.PipeMaze\Day10.PipeMaze\Day10.PipeMaze.csproj", "{0A668189-50AD-4ADB-AD8F-9C2FA57EB1E6}"
EndProject
Project("{FAE04EC0-301F-11D3-BF4B-00C04F79EFBC}") = "Day10.PipeMaze.Tests", "Day10.PipeMaze\Day10.PipeMaze.Tests\Day10.PipeMaze.Tests.csproj", "{73885C2C-28D7-4764-A69C-E213796649D8}"
EndProject
Project("{FAE04EC0-301F-11D3-BF4B-00C04F79EFBC}") = "Day11.CosmicExpansion", "Day11.CosmicExpansion\Day11.CosmicExpansion\Day11.CosmicExpansion.csproj", "{676D9B31-15DC-462A-A070-70374F845809}"
EndProject
Project("{FAE04EC0-301F-11D3-BF4B-00C04F79EFBC}") = "Day12.HotSprings", "Day12.HotSprings\Day12.HotSprings\Day12.HotSprings.csproj", "{579CFF69-DDAB-4406-B220-50E72A832CC5}"
EndProject
Project("{FAE04EC0-301F-11D3-BF4B-00C04F79EFBC}") = "Day13.PointOfIncidence", "Day13.PointOfIncidence\Day13.PointOfIncidence\Day13.PointOfIncidence.csproj", "{79FCDB8D-F752-45E1-B9BE-4C90548F407A}"
EndProject
Project("{FAE04EC0-301F-11D3-BF4B-00C04F79EFBC}") = "Day14.ParabolicReflectorDish", "Day14.ParabolicReflectorDish\Day14.ParabolicReflectorDish\Day14.ParabolicReflectorDish.csproj", "{14FD90F3-9D8B-40A6-B3F0-3CF739B242EC}"
EndProject
Global
	GlobalSection(SolutionConfigurationPlatforms) = preSolution
		Debug|Any CPU = Debug|Any CPU
		Release|Any CPU = Release|Any CPU
	EndGlobalSection
	GlobalSection(ProjectConfigurationPlatforms) = postSolution
		{D37C5E86-C962-4B8A-872F-7764C54EAA9A}.Debug|Any CPU.ActiveCfg = Debug|Any CPU
		{D37C5E86-C962-4B8A-872F-7764C54EAA9A}.Debug|Any CPU.Build.0 = Debug|Any CPU
		{D37C5E86-C962-4B8A-872F-7764C54EAA9A}.Release|Any CPU.ActiveCfg = Release|Any CPU
		{D37C5E86-C962-4B8A-872F-7764C54EAA9A}.Release|Any CPU.Build.0 = Release|Any CPU
		{73EAE810-3308-4EA6-A17C-30709D752F50}.Debug|Any CPU.ActiveCfg = Debug|Any CPU
		{73EAE810-3308-4EA6-A17C-30709D752F50}.Debug|Any CPU.Build.0 = Debug|Any CPU
		{73EAE810-3308-4EA6-A17C-30709D752F50}.Release|Any CPU.ActiveCfg = Release|Any CPU
		{73EAE810-3308-4EA6-A17C-30709D752F50}.Release|Any CPU.Build.0 = Release|Any CPU
		{39A4F266-2B7D-49DD-9BB3-E1BC562BFAEB}.Debug|Any CPU.ActiveCfg = Debug|Any CPU
		{39A4F266-2B7D-49DD-9BB3-E1BC562BFAEB}.Debug|Any CPU.Build.0 = Debug|Any CPU
		{39A4F266-2B7D-49DD-9BB3-E1BC562BFAEB}.Release|Any CPU.ActiveCfg = Release|Any CPU
		{39A4F266-2B7D-49DD-9BB3-E1BC562BFAEB}.Release|Any CPU.Build.0 = Release|Any CPU
		{B78FE676-E196-4953-A245-31521675F29A}.Debug|Any CPU.ActiveCfg = Debug|Any CPU
		{B78FE676-E196-4953-A245-31521675F29A}.Debug|Any CPU.Build.0 = Debug|Any CPU
		{B78FE676-E196-4953-A245-31521675F29A}.Release|Any CPU.ActiveCfg = Release|Any CPU
		{B78FE676-E196-4953-A245-31521675F29A}.Release|Any CPU.Build.0 = Release|Any CPU
		{2236A812-ECBC-4714-9881-87DBCB0C1F1B}.Debug|Any CPU.ActiveCfg = Debug|Any CPU
		{2236A812-ECBC-4714-9881-87DBCB0C1F1B}.Debug|Any CPU.Build.0 = Debug|Any CPU
		{2236A812-ECBC-4714-9881-87DBCB0C1F1B}.Release|Any CPU.ActiveCfg = Release|Any CPU
		{2236A812-ECBC-4714-9881-87DBCB0C1F1B}.Release|Any CPU.Build.0 = Release|Any CPU
		{4C3071EA-3632-46FC-B23C-277F3CD37F03}.Debug|Any CPU.ActiveCfg = Debug|Any CPU
		{4C3071EA-3632-46FC-B23C-277F3CD37F03}.Debug|Any CPU.Build.0 = Debug|Any CPU
		{4C3071EA-3632-46FC-B23C-277F3CD37F03}.Release|Any CPU.ActiveCfg = Release|Any CPU
		{4C3071EA-3632-46FC-B23C-277F3CD37F03}.Release|Any CPU.Build.0 = Release|Any CPU
		{BEAEEBEB-7A0E-4CD2-83C9-A4888B2E84B4}.Debug|Any CPU.ActiveCfg = Debug|Any CPU
		{BEAEEBEB-7A0E-4CD2-83C9-A4888B2E84B4}.Debug|Any CPU.Build.0 = Debug|Any CPU
		{BEAEEBEB-7A0E-4CD2-83C9-A4888B2E84B4}.Release|Any CPU.ActiveCfg = Release|Any CPU
		{BEAEEBEB-7A0E-4CD2-83C9-A4888B2E84B4}.Release|Any CPU.Build.0 = Release|Any CPU
		{73173701-FC54-465F-879F-0883F7749C01}.Debug|Any CPU.ActiveCfg = Debug|Any CPU
		{73173701-FC54-465F-879F-0883F7749C01}.Debug|Any CPU.Build.0 = Debug|Any CPU
		{73173701-FC54-465F-879F-0883F7749C01}.Release|Any CPU.ActiveCfg = Release|Any CPU
		{73173701-FC54-465F-879F-0883F7749C01}.Release|Any CPU.Build.0 = Release|Any CPU
		{4E4A8860-2F2B-4ADB-9E11-349B5E554487}.Debug|Any CPU.ActiveCfg = Debug|Any CPU
		{4E4A8860-2F2B-4ADB-9E11-349B5E554487}.Debug|Any CPU.Build.0 = Debug|Any CPU
		{4E4A8860-2F2B-4ADB-9E11-349B5E554487}.Release|Any CPU.ActiveCfg = Release|Any CPU
		{4E4A8860-2F2B-4ADB-9E11-349B5E554487}.Release|Any CPU.Build.0 = Release|Any CPU
		{AF376469-546D-49EF-9DE8-8E798F6130E8}.Debug|Any CPU.ActiveCfg = Debug|Any CPU
		{AF376469-546D-49EF-9DE8-8E798F6130E8}.Debug|Any CPU.Build.0 = Debug|Any CPU
		{AF376469-546D-49EF-9DE8-8E798F6130E8}.Release|Any CPU.ActiveCfg = Release|Any CPU
		{AF376469-546D-49EF-9DE8-8E798F6130E8}.Release|Any CPU.Build.0 = Release|Any CPU
		{7B2EAFE2-BF1B-4488-9616-CBAD4656D906}.Debug|Any CPU.ActiveCfg = Debug|Any CPU
		{7B2EAFE2-BF1B-4488-9616-CBAD4656D906}.Debug|Any CPU.Build.0 = Debug|Any CPU
		{7B2EAFE2-BF1B-4488-9616-CBAD4656D906}.Release|Any CPU.ActiveCfg = Release|Any CPU
		{7B2EAFE2-BF1B-4488-9616-CBAD4656D906}.Release|Any CPU.Build.0 = Release|Any CPU
		{58DDC03D-BB08-45EC-B016-D73AF0D3A4D7}.Debug|Any CPU.ActiveCfg = Debug|Any CPU
		{58DDC03D-BB08-45EC-B016-D73AF0D3A4D7}.Debug|Any CPU.Build.0 = Debug|Any CPU
		{58DDC03D-BB08-45EC-B016-D73AF0D3A4D7}.Release|Any CPU.ActiveCfg = Release|Any CPU
		{58DDC03D-BB08-45EC-B016-D73AF0D3A4D7}.Release|Any CPU.Build.0 = Release|Any CPU
		{BF88A04F-83C7-4F63-B508-24F761D5CC25}.Debug|Any CPU.ActiveCfg = Debug|Any CPU
		{BF88A04F-83C7-4F63-B508-24F761D5CC25}.Debug|Any CPU.Build.0 = Debug|Any CPU
		{BF88A04F-83C7-4F63-B508-24F761D5CC25}.Release|Any CPU.ActiveCfg = Release|Any CPU
		{BF88A04F-83C7-4F63-B508-24F761D5CC25}.Release|Any CPU.Build.0 = Release|Any CPU
		{DFBABEBB-EDCC-45F7-992C-6A94D40979AC}.Debug|Any CPU.ActiveCfg = Debug|Any CPU
		{DFBABEBB-EDCC-45F7-992C-6A94D40979AC}.Debug|Any CPU.Build.0 = Debug|Any CPU
		{DFBABEBB-EDCC-45F7-992C-6A94D40979AC}.Release|Any CPU.ActiveCfg = Release|Any CPU
		{DFBABEBB-EDCC-45F7-992C-6A94D40979AC}.Release|Any CPU.Build.0 = Release|Any CPU
		{90DC3646-5994-4F2A-BB60-EDF312D0AD33}.Debug|Any CPU.ActiveCfg = Debug|Any CPU
		{90DC3646-5994-4F2A-BB60-EDF312D0AD33}.Debug|Any CPU.Build.0 = Debug|Any CPU
		{90DC3646-5994-4F2A-BB60-EDF312D0AD33}.Release|Any CPU.ActiveCfg = Release|Any CPU
		{90DC3646-5994-4F2A-BB60-EDF312D0AD33}.Release|Any CPU.Build.0 = Release|Any CPU
		{29DF7AB2-52D7-4820-BB33-6A238B4B1033}.Debug|Any CPU.ActiveCfg = Debug|Any CPU
		{29DF7AB2-52D7-4820-BB33-6A238B4B1033}.Debug|Any CPU.Build.0 = Debug|Any CPU
		{29DF7AB2-52D7-4820-BB33-6A238B4B1033}.Release|Any CPU.ActiveCfg = Release|Any CPU
		{29DF7AB2-52D7-4820-BB33-6A238B4B1033}.Release|Any CPU.Build.0 = Release|Any CPU
		{1D34A0D7-2521-42B6-AAA4-8167C2180D9E}.Debug|Any CPU.ActiveCfg = Debug|Any CPU
		{1D34A0D7-2521-42B6-AAA4-8167C2180D9E}.Debug|Any CPU.Build.0 = Debug|Any CPU
		{1D34A0D7-2521-42B6-AAA4-8167C2180D9E}.Release|Any CPU.ActiveCfg = Release|Any CPU
		{1D34A0D7-2521-42B6-AAA4-8167C2180D9E}.Release|Any CPU.Build.0 = Release|Any CPU
		{18839AC2-7774-45B5-A17B-B7A52BF0642C}.Debug|Any CPU.ActiveCfg = Debug|Any CPU
		{18839AC2-7774-45B5-A17B-B7A52BF0642C}.Debug|Any CPU.Build.0 = Debug|Any CPU
		{18839AC2-7774-45B5-A17B-B7A52BF0642C}.Release|Any CPU.ActiveCfg = Release|Any CPU
		{18839AC2-7774-45B5-A17B-B7A52BF0642C}.Release|Any CPU.Build.0 = Release|Any CPU
		{543D1BF6-914A-46F3-B7D2-5F0941B76B9D}.Debug|Any CPU.ActiveCfg = Debug|Any CPU
		{543D1BF6-914A-46F3-B7D2-5F0941B76B9D}.Debug|Any CPU.Build.0 = Debug|Any CPU
		{543D1BF6-914A-46F3-B7D2-5F0941B76B9D}.Release|Any CPU.ActiveCfg = Release|Any CPU
		{543D1BF6-914A-46F3-B7D2-5F0941B76B9D}.Release|Any CPU.Build.0 = Release|Any CPU
		{0A668189-50AD-4ADB-AD8F-9C2FA57EB1E6}.Debug|Any CPU.ActiveCfg = Debug|Any CPU
		{0A668189-50AD-4ADB-AD8F-9C2FA57EB1E6}.Debug|Any CPU.Build.0 = Debug|Any CPU
		{0A668189-50AD-4ADB-AD8F-9C2FA57EB1E6}.Release|Any CPU.ActiveCfg = Release|Any CPU
		{0A668189-50AD-4ADB-AD8F-9C2FA57EB1E6}.Release|Any CPU.Build.0 = Release|Any CPU
		{73885C2C-28D7-4764-A69C-E213796649D8}.Debug|Any CPU.ActiveCfg = Debug|Any CPU
		{73885C2C-28D7-4764-A69C-E213796649D8}.Debug|Any CPU.Build.0 = Debug|Any CPU
		{73885C2C-28D7-4764-A69C-E213796649D8}.Release|Any CPU.ActiveCfg = Release|Any CPU
		{73885C2C-28D7-4764-A69C-E213796649D8}.Release|Any CPU.Build.0 = Release|Any CPU
		{676D9B31-15DC-462A-A070-70374F845809}.Debug|Any CPU.ActiveCfg = Debug|Any CPU
		{676D9B31-15DC-462A-A070-70374F845809}.Debug|Any CPU.Build.0 = Debug|Any CPU
		{676D9B31-15DC-462A-A070-70374F845809}.Release|Any CPU.ActiveCfg = Release|Any CPU
		{676D9B31-15DC-462A-A070-70374F845809}.Release|Any CPU.Build.0 = Release|Any CPU
		{579CFF69-DDAB-4406-B220-50E72A832CC5}.Debug|Any CPU.ActiveCfg = Debug|Any CPU
		{579CFF69-DDAB-4406-B220-50E72A832CC5}.Debug|Any CPU.Build.0 = Debug|Any CPU
		{579CFF69-DDAB-4406-B220-50E72A832CC5}.Release|Any CPU.ActiveCfg = Release|Any CPU
		{579CFF69-DDAB-4406-B220-50E72A832CC5}.Release|Any CPU.Build.0 = Release|Any CPU
		{79FCDB8D-F752-45E1-B9BE-4C90548F407A}.Debug|Any CPU.ActiveCfg = Debug|Any CPU
		{79FCDB8D-F752-45E1-B9BE-4C90548F407A}.Debug|Any CPU.Build.0 = Debug|Any CPU
		{79FCDB8D-F752-45E1-B9BE-4C90548F407A}.Release|Any CPU.ActiveCfg = Release|Any CPU
		{79FCDB8D-F752-45E1-B9BE-4C90548F407A}.Release|Any CPU.Build.0 = Release|Any CPU
		{14FD90F3-9D8B-40A6-B3F0-3CF739B242EC}.Debug|Any CPU.ActiveCfg = Debug|Any CPU
		{14FD90F3-9D8B-40A6-B3F0-3CF739B242EC}.Debug|Any CPU.Build.0 = Debug|Any CPU
		{14FD90F3-9D8B-40A6-B3F0-3CF739B242EC}.Release|Any CPU.ActiveCfg = Release|Any CPU
		{14FD90F3-9D8B-40A6-B3F0-3CF739B242EC}.Release|Any CPU.Build.0 = Release|Any CPU
	EndGlobalSection
EndGlobal
