
Microsoft Visual Studio Solution File, Format Version 12.00
Project("{FAE04EC0-301F-11D3-BF4B-00C04F79EFBC}") = "not-enough-minerals-src", "not-enough-minerals-src\not-enough-minerals-src.csproj", "{9C84E31E-6EEF-41F0-BE0C-47051B2635DA}"
EndProject
Project("{FAE04EC0-301F-11D3-BF4B-00C04F79EFBC}") = "not-enough-minerals-tests", "not-enough-minerals-tests\not-enough-minerals-tests.csproj", "{1B3C08A2-3EDA-46B3-B5AD-0BA5C1D85CFA}"
EndProject
Global
	GlobalSection(SolutionConfigurationPlatforms) = preSolution
		Debug|Any CPU = Debug|Any CPU
		Release|Any CPU = Release|Any CPU
	EndGlobalSection
	GlobalSection(ProjectConfigurationPlatforms) = postSolution
		{9C84E31E-6EEF-41F0-BE0C-47051B2635DA}.Debug|Any CPU.ActiveCfg = Debug|Any CPU
		{9C84E31E-6EEF-41F0-BE0C-47051B2635DA}.Debug|Any CPU.Build.0 = Debug|Any CPU
		{9C84E31E-6EEF-41F0-BE0C-47051B2635DA}.Release|Any CPU.ActiveCfg = Release|Any CPU
		{9C84E31E-6EEF-41F0-BE0C-47051B2635DA}.Release|Any CPU.Build.0 = Release|Any CPU
		{1B3C08A2-3EDA-46B3-B5AD-0BA5C1D85CFA}.Debug|Any CPU.ActiveCfg = Debug|Any CPU
		{1B3C08A2-3EDA-46B3-B5AD-0BA5C1D85CFA}.Debug|Any CPU.Build.0 = Debug|Any CPU
		{1B3C08A2-3EDA-46B3-B5AD-0BA5C1D85CFA}.Release|Any CPU.ActiveCfg = Release|Any CPU
		{1B3C08A2-3EDA-46B3-B5AD-0BA5C1D85CFA}.Release|Any CPU.Build.0 = Release|Any CPU
	EndGlobalSection
EndGlobal
