
Microsoft Visual Studio Solution File, Format Version 12.00
Project("{FAE04EC0-301F-11D3-BF4B-00C04F79EFBC}") = "grove-positioning-system-tests", "grove-positioning-system-tests\grove-positioning-system-tests.csproj", "{E8F36038-93AD-47D7-B6A6-AAB96F7F4728}"
EndProject
Project("{FAE04EC0-301F-11D3-BF4B-00C04F79EFBC}") = "grove-positioning-system-src", "grove-positioning-system-src\grove-positioning-system-src.csproj", "{0C3EEAD4-ECDA-48A6-B965-72E1F0837D7A}"
EndProject
Global
	GlobalSection(SolutionConfigurationPlatforms) = preSolution
		Debug|Any CPU = Debug|Any CPU
		Release|Any CPU = Release|Any CPU
	EndGlobalSection
	GlobalSection(ProjectConfigurationPlatforms) = postSolution
		{E8F36038-93AD-47D7-B6A6-AAB96F7F4728}.Debug|Any CPU.ActiveCfg = Debug|Any CPU
		{E8F36038-93AD-47D7-B6A6-AAB96F7F4728}.Debug|Any CPU.Build.0 = Debug|Any CPU
		{E8F36038-93AD-47D7-B6A6-AAB96F7F4728}.Release|Any CPU.ActiveCfg = Release|Any CPU
		{E8F36038-93AD-47D7-B6A6-AAB96F7F4728}.Release|Any CPU.Build.0 = Release|Any CPU
		{0C3EEAD4-ECDA-48A6-B965-72E1F0837D7A}.Debug|Any CPU.ActiveCfg = Debug|Any CPU
		{0C3EEAD4-ECDA-48A6-B965-72E1F0837D7A}.Debug|Any CPU.Build.0 = Debug|Any CPU
		{0C3EEAD4-ECDA-48A6-B965-72E1F0837D7A}.Release|Any CPU.ActiveCfg = Release|Any CPU
		{0C3EEAD4-ECDA-48A6-B965-72E1F0837D7A}.Release|Any CPU.Build.0 = Release|Any CPU
	EndGlobalSection
EndGlobal
