
Microsoft Visual Studio Solution File, Format Version 12.00
Project("{FAE04EC0-301F-11D3-BF4B-00C04F79EFBC}") = "rock-paper-scissors-tests", "rock-paper-scissors-tests\rock-paper-scissors-tests.csproj", "{6369A17E-1788-442E-B998-A8D341DFD1FF}"
EndProject
Project("{FAE04EC0-301F-11D3-BF4B-00C04F79EFBC}") = "rock-paper-scissors-src", "rock-paper-scissors-src\rock-paper-scissors-src.csproj", "{31406A3D-7540-48B8-96C3-58D08CBBDFE2}"
EndProject
Global
	GlobalSection(SolutionConfigurationPlatforms) = preSolution
		Debug|Any CPU = Debug|Any CPU
		Release|Any CPU = Release|Any CPU
	EndGlobalSection
	GlobalSection(ProjectConfigurationPlatforms) = postSolution
		{6369A17E-1788-442E-B998-A8D341DFD1FF}.Debug|Any CPU.ActiveCfg = Debug|Any CPU
		{6369A17E-1788-442E-B998-A8D341DFD1FF}.Debug|Any CPU.Build.0 = Debug|Any CPU
		{6369A17E-1788-442E-B998-A8D341DFD1FF}.Release|Any CPU.ActiveCfg = Release|Any CPU
		{6369A17E-1788-442E-B998-A8D341DFD1FF}.Release|Any CPU.Build.0 = Release|Any CPU
		{31406A3D-7540-48B8-96C3-58D08CBBDFE2}.Debug|Any CPU.ActiveCfg = Debug|Any CPU
		{31406A3D-7540-48B8-96C3-58D08CBBDFE2}.Debug|Any CPU.Build.0 = Debug|Any CPU
		{31406A3D-7540-48B8-96C3-58D08CBBDFE2}.Release|Any CPU.ActiveCfg = Release|Any CPU
		{31406A3D-7540-48B8-96C3-58D08CBBDFE2}.Release|Any CPU.Build.0 = Release|Any CPU
	EndGlobalSection
EndGlobal
