
Microsoft Visual Studio Solution File, Format Version 12.00
Project("{FAE04EC0-301F-11D3-BF4B-00C04F79EFBC}") = "distress-signal-tests", "distress-signal-tests\distress-signal-tests.csproj", "{78E306DC-C610-415D-A420-BD1839C75DD9}"
EndProject
Project("{FAE04EC0-301F-11D3-BF4B-00C04F79EFBC}") = "distress-signal-src", "distress-signal-src\distress-signal-src.csproj", "{A28BC155-AA0B-458F-A325-CAAA3B78AA0C}"
EndProject
Global
	GlobalSection(SolutionConfigurationPlatforms) = preSolution
		Debug|Any CPU = Debug|Any CPU
		Release|Any CPU = Release|Any CPU
	EndGlobalSection
	GlobalSection(ProjectConfigurationPlatforms) = postSolution
		{78E306DC-C610-415D-A420-BD1839C75DD9}.Debug|Any CPU.ActiveCfg = Debug|Any CPU
		{78E306DC-C610-415D-A420-BD1839C75DD9}.Debug|Any CPU.Build.0 = Debug|Any CPU
		{78E306DC-C610-415D-A420-BD1839C75DD9}.Release|Any CPU.ActiveCfg = Release|Any CPU
		{78E306DC-C610-415D-A420-BD1839C75DD9}.Release|Any CPU.Build.0 = Release|Any CPU
		{A28BC155-AA0B-458F-A325-CAAA3B78AA0C}.Debug|Any CPU.ActiveCfg = Debug|Any CPU
		{A28BC155-AA0B-458F-A325-CAAA3B78AA0C}.Debug|Any CPU.Build.0 = Debug|Any CPU
		{A28BC155-AA0B-458F-A325-CAAA3B78AA0C}.Release|Any CPU.ActiveCfg = Release|Any CPU
		{A28BC155-AA0B-458F-A325-CAAA3B78AA0C}.Release|Any CPU.Build.0 = Release|Any CPU
	EndGlobalSection
EndGlobal
